
Microsoft Visual Studio Solution File, Format Version 12.00
# Visual Studio Version 17
VisualStudioVersion = 17.1.32421.90
MinimumVisualStudioVersion = 10.0.40219.1
Project("{FAE04EC0-301F-11D3-BF4B-00C04F79EFBC}") = "AppEvaluacion3WEB1.3.UWP", "AppEvaluacion3WEB1.3\AppEvaluacion3WEB1.3.UWP\AppEvaluacion3WEB1.3.UWP.csproj", "{C45EE917-DF4D-4550-A921-6C89C825B133}"
EndProject
Project("{FAE04EC0-301F-11D3-BF4B-00C04F79EFBC}") = "AppEvaluacion3WEB1.3.Android", "AppEvaluacion3WEB1.3\AppEvaluacion3WEB1.3.Android\AppEvaluacion3WEB1.3.Android.csproj", "{3239DAD7-1F4D-4FED-9F62-5BD751132F49}"
EndProject
Project("{FAE04EC0-301F-11D3-BF4B-00C04F79EFBC}") = "AppEvaluacion3WEB1.3.iOS", "AppEvaluacion3WEB1.3\AppEvaluacion3WEB1.3.iOS\AppEvaluacion3WEB1.3.iOS.csproj", "{206EADE8-33D6-433D-9363-B6CF0E52A283}"
EndProject
Project("{FAE04EC0-301F-11D3-BF4B-00C04F79EFBC}") = "AppEvaluacion3WEB1.3", "AppEvaluacion3WEB1.3\AppEvaluacion3WEB1.3\AppEvaluacion3WEB1.3.csproj", "{EC1079C7-EEB5-4E8E-8075-087FEF2DB37F}"
EndProject
Global
	GlobalSection(SolutionConfigurationPlatforms) = preSolution
		Debug|Any CPU = Debug|Any CPU
		Debug|ARM = Debug|ARM
		Debug|iPhone = Debug|iPhone
		Debug|iPhoneSimulator = Debug|iPhoneSimulator
		Debug|x64 = Debug|x64
		Debug|x86 = Debug|x86
		Release|Any CPU = Release|Any CPU
		Release|ARM = Release|ARM
		Release|iPhone = Release|iPhone
		Release|iPhoneSimulator = Release|iPhoneSimulator
		Release|x64 = Release|x64
		Release|x86 = Release|x86
	EndGlobalSection
	GlobalSection(ProjectConfigurationPlatforms) = postSolution
		{C45EE917-DF4D-4550-A921-6C89C825B133}.Debug|Any CPU.ActiveCfg = Debug|x64
		{C45EE917-DF4D-4550-A921-6C89C825B133}.Debug|Any CPU.Build.0 = Debug|x64
		{C45EE917-DF4D-4550-A921-6C89C825B133}.Debug|Any CPU.Deploy.0 = Debug|x64
		{C45EE917-DF4D-4550-A921-6C89C825B133}.Debug|ARM.ActiveCfg = Debug|ARM
		{C45EE917-DF4D-4550-A921-6C89C825B133}.Debug|ARM.Build.0 = Debug|ARM
		{C45EE917-DF4D-4550-A921-6C89C825B133}.Debug|ARM.Deploy.0 = Debug|ARM
		{C45EE917-DF4D-4550-A921-6C89C825B133}.Debug|iPhone.ActiveCfg = Debug|x64
		{C45EE917-DF4D-4550-A921-6C89C825B133}.Debug|iPhone.Build.0 = Debug|x64
		{C45EE917-DF4D-4550-A921-6C89C825B133}.Debug|iPhone.Deploy.0 = Debug|x64
		{C45EE917-DF4D-4550-A921-6C89C825B133}.Debug|iPhoneSimulator.ActiveCfg = Debug|x64
		{C45EE917-DF4D-4550-A921-6C89C825B133}.Debug|iPhoneSimulator.Build.0 = Debug|x64
		{C45EE917-DF4D-4550-A921-6C89C825B133}.Debug|iPhoneSimulator.Deploy.0 = Debug|x64
		{C45EE917-DF4D-4550-A921-6C89C825B133}.Debug|x64.ActiveCfg = Debug|x64
		{C45EE917-DF4D-4550-A921-6C89C825B133}.Debug|x64.Build.0 = Debug|x64
		{C45EE917-DF4D-4550-A921-6C89C825B133}.Debug|x64.Deploy.0 = Debug|x64
		{C45EE917-DF4D-4550-A921-6C89C825B133}.Debug|x86.ActiveCfg = Debug|x86
		{C45EE917-DF4D-4550-A921-6C89C825B133}.Debug|x86.Build.0 = Debug|x86
		{C45EE917-DF4D-4550-A921-6C89C825B133}.Debug|x86.Deploy.0 = Debug|x86
		{C45EE917-DF4D-4550-A921-6C89C825B133}.Release|Any CPU.ActiveCfg = Release|x64
		{C45EE917-DF4D-4550-A921-6C89C825B133}.Release|Any CPU.Build.0 = Release|x64
		{C45EE917-DF4D-4550-A921-6C89C825B133}.Release|Any CPU.Deploy.0 = Release|x64
		{C45EE917-DF4D-4550-A921-6C89C825B133}.Release|ARM.ActiveCfg = Release|ARM
		{C45EE917-DF4D-4550-A921-6C89C825B133}.Release|ARM.Build.0 = Release|ARM
		{C45EE917-DF4D-4550-A921-6C89C825B133}.Release|ARM.Deploy.0 = Release|ARM
		{C45EE917-DF4D-4550-A921-6C89C825B133}.Release|iPhone.ActiveCfg = Release|x64
		{C45EE917-DF4D-4550-A921-6C89C825B133}.Release|iPhone.Build.0 = Release|x64
		{C45EE917-DF4D-4550-A921-6C89C825B133}.Release|iPhone.Deploy.0 = Release|x64
		{C45EE917-DF4D-4550-A921-6C89C825B133}.Release|iPhoneSimulator.ActiveCfg = Release|x64
		{C45EE917-DF4D-4550-A921-6C89C825B133}.Release|iPhoneSimulator.Build.0 = Release|x64
		{C45EE917-DF4D-4550-A921-6C89C825B133}.Release|iPhoneSimulator.Deploy.0 = Release|x64
		{C45EE917-DF4D-4550-A921-6C89C825B133}.Release|x64.ActiveCfg = Release|x64
		{C45EE917-DF4D-4550-A921-6C89C825B133}.Release|x64.Build.0 = Release|x64
		{C45EE917-DF4D-4550-A921-6C89C825B133}.Release|x64.Deploy.0 = Release|x64
		{C45EE917-DF4D-4550-A921-6C89C825B133}.Release|x86.ActiveCfg = Release|x86
		{C45EE917-DF4D-4550-A921-6C89C825B133}.Release|x86.Build.0 = Release|x86
		{C45EE917-DF4D-4550-A921-6C89C825B133}.Release|x86.Deploy.0 = Release|x86
		{3239DAD7-1F4D-4FED-9F62-5BD751132F49}.Debug|Any CPU.ActiveCfg = Debug|Any CPU
		{3239DAD7-1F4D-4FED-9F62-5BD751132F49}.Debug|Any CPU.Build.0 = Debug|Any CPU
		{3239DAD7-1F4D-4FED-9F62-5BD751132F49}.Debug|Any CPU.Deploy.0 = Debug|Any CPU
		{3239DAD7-1F4D-4FED-9F62-5BD751132F49}.Debug|ARM.ActiveCfg = Debug|Any CPU
		{3239DAD7-1F4D-4FED-9F62-5BD751132F49}.Debug|ARM.Build.0 = Debug|Any CPU
		{3239DAD7-1F4D-4FED-9F62-5BD751132F49}.Debug|ARM.Deploy.0 = Debug|Any CPU
		{3239DAD7-1F4D-4FED-9F62-5BD751132F49}.Debug|iPhone.ActiveCfg = Debug|Any CPU
		{3239DAD7-1F4D-4FED-9F62-5BD751132F49}.Debug|iPhone.Build.0 = Debug|Any CPU
		{3239DAD7-1F4D-4FED-9F62-5BD751132F49}.Debug|iPhone.Deploy.0 = Debug|Any CPU
		{3239DAD7-1F4D-4FED-9F62-5BD751132F49}.Debug|iPhoneSimulator.ActiveCfg = Debug|Any CPU
		{3239DAD7-1F4D-4FED-9F62-5BD751132F49}.Debug|iPhoneSimulator.Build.0 = Debug|Any CPU
		{3239DAD7-1F4D-4FED-9F62-5BD751132F49}.Debug|iPhoneSimulator.Deploy.0 = Debug|Any CPU
		{3239DAD7-1F4D-4FED-9F62-5BD751132F49}.Debug|x64.ActiveCfg = Debug|Any CPU
		{3239DAD7-1F4D-4FED-9F62-5BD751132F49}.Debug|x64.Build.0 = Debug|Any CPU
		{3239DAD7-1F4D-4FED-9F62-5BD751132F49}.Debug|x64.Deploy.0 = Debug|Any CPU
		{3239DAD7-1F4D-4FED-9F62-5BD751132F49}.Debug|x86.ActiveCfg = Debug|Any CPU
		{3239DAD7-1F4D-4FED-9F62-5BD751132F49}.Debug|x86.Build.0 = Debug|Any CPU
		{3239DAD7-1F4D-4FED-9F62-5BD751132F49}.Debug|x86.Deploy.0 = Debug|Any CPU
		{3239DAD7-1F4D-4FED-9F62-5BD751132F49}.Release|Any CPU.ActiveCfg = Release|Any CPU
		{3239DAD7-1F4D-4FED-9F62-5BD751132F49}.Release|Any CPU.Build.0 = Release|Any CPU
		{3239DAD7-1F4D-4FED-9F62-5BD751132F49}.Release|Any CPU.Deploy.0 = Release|Any CPU
		{3239DAD7-1F4D-4FED-9F62-5BD751132F49}.Release|ARM.ActiveCfg = Release|Any CPU
		{3239DAD7-1F4D-4FED-9F62-5BD751132F49}.Release|ARM.Build.0 = Release|Any CPU
		{3239DAD7-1F4D-4FED-9F62-5BD751132F49}.Release|ARM.Deploy.0 = Release|Any CPU
		{3239DAD7-1F4D-4FED-9F62-5BD751132F49}.Release|iPhone.ActiveCfg = Release|Any CPU
		{3239DAD7-1F4D-4FED-9F62-5BD751132F49}.Release|iPhone.Build.0 = Release|Any CPU
		{3239DAD7-1F4D-4FED-9F62-5BD751132F49}.Release|iPhone.Deploy.0 = Release|Any CPU
		{3239DAD7-1F4D-4FED-9F62-5BD751132F49}.Release|iPhoneSimulator.ActiveCfg = Release|Any CPU
		{3239DAD7-1F4D-4FED-9F62-5BD751132F49}.Release|iPhoneSimulator.Build.0 = Release|Any CPU
		{3239DAD7-1F4D-4FED-9F62-5BD751132F49}.Release|iPhoneSimulator.Deploy.0 = Release|Any CPU
		{3239DAD7-1F4D-4FED-9F62-5BD751132F49}.Release|x64.ActiveCfg = Release|Any CPU
		{3239DAD7-1F4D-4FED-9F62-5BD751132F49}.Release|x64.Build.0 = Release|Any CPU
		{3239DAD7-1F4D-4FED-9F62-5BD751132F49}.Release|x64.Deploy.0 = Release|Any CPU
		{3239DAD7-1F4D-4FED-9F62-5BD751132F49}.Release|x86.ActiveCfg = Release|Any CPU
		{3239DAD7-1F4D-4FED-9F62-5BD751132F49}.Release|x86.Build.0 = Release|Any CPU
		{3239DAD7-1F4D-4FED-9F62-5BD751132F49}.Release|x86.Deploy.0 = Release|Any CPU
		{206EADE8-33D6-433D-9363-B6CF0E52A283}.Debug|Any CPU.ActiveCfg = Debug|iPhoneSimulator
		{206EADE8-33D6-433D-9363-B6CF0E52A283}.Debug|Any CPU.Build.0 = Debug|iPhoneSimulator
		{206EADE8-33D6-433D-9363-B6CF0E52A283}.Debug|Any CPU.Deploy.0 = Debug|iPhoneSimulator
		{206EADE8-33D6-433D-9363-B6CF0E52A283}.Debug|ARM.ActiveCfg = Debug|iPhoneSimulator
		{206EADE8-33D6-433D-9363-B6CF0E52A283}.Debug|ARM.Build.0 = Debug|iPhoneSimulator
		{206EADE8-33D6-433D-9363-B6CF0E52A283}.Debug|ARM.Deploy.0 = Debug|iPhoneSimulator
		{206EADE8-33D6-433D-9363-B6CF0E52A283}.Debug|iPhone.ActiveCfg = Debug|iPhone
		{206EADE8-33D6-433D-9363-B6CF0E52A283}.Debug|iPhone.Build.0 = Debug|iPhone
		{206EADE8-33D6-433D-9363-B6CF0E52A283}.Debug|iPhone.Deploy.0 = Debug|iPhone
		{206EADE8-33D6-433D-9363-B6CF0E52A283}.Debug|iPhoneSimulator.ActiveCfg = Debug|iPhoneSimulator
		{206EADE8-33D6-433D-9363-B6CF0E52A283}.Debug|iPhoneSimulator.Build.0 = Debug|iPhoneSimulator
		{206EADE8-33D6-433D-9363-B6CF0E52A283}.Debug|iPhoneSimulator.Deploy.0 = Debug|iPhoneSimulator
		{206EADE8-33D6-433D-9363-B6CF0E52A283}.Debug|x64.ActiveCfg = Debug|iPhone
		{206EADE8-33D6-433D-9363-B6CF0E52A283}.Debug|x64.Build.0 = Debug|iPhone
		{206EADE8-33D6-433D-9363-B6CF0E52A283}.Debug|x64.Deploy.0 = Debug|iPhone
		{206EADE8-33D6-433D-9363-B6CF0E52A283}.Debug|x86.ActiveCfg = Debug|iPhoneSimulator
		{206EADE8-33D6-433D-9363-B6CF0E52A283}.Debug|x86.Build.0 = Debug|iPhoneSimulator
		{206EADE8-33D6-433D-9363-B6CF0E52A283}.Debug|x86.Deploy.0 = Debug|iPhoneSimulator
		{206EADE8-33D6-433D-9363-B6CF0E52A283}.Release|Any CPU.ActiveCfg = Release|iPhoneSimulator
		{206EADE8-33D6-433D-9363-B6CF0E52A283}.Release|Any CPU.Build.0 = Release|iPhoneSimulator
		{206EADE8-33D6-433D-9363-B6CF0E52A283}.Release|Any CPU.Deploy.0 = Release|iPhoneSimulator
		{206EADE8-33D6-433D-9363-B6CF0E52A283}.Release|ARM.ActiveCfg = Release|iPhoneSimulator
		{206EADE8-33D6-433D-9363-B6CF0E52A283}.Release|ARM.Build.0 = Release|iPhoneSimulator
		{206EADE8-33D6-433D-9363-B6CF0E52A283}.Release|ARM.Deploy.0 = Release|iPhoneSimulator
		{206EADE8-33D6-433D-9363-B6CF0E52A283}.Release|iPhone.ActiveCfg = Release|iPhone
		{206EADE8-33D6-433D-9363-B6CF0E52A283}.Release|iPhone.Build.0 = Release|iPhone
		{206EADE8-33D6-433D-9363-B6CF0E52A283}.Release|iPhone.Deploy.0 = Release|iPhone
		{206EADE8-33D6-433D-9363-B6CF0E52A283}.Release|iPhoneSimulator.ActiveCfg = Release|iPhoneSimulator
		{206EADE8-33D6-433D-9363-B6CF0E52A283}.Release|iPhoneSimulator.Build.0 = Release|iPhoneSimulator
		{206EADE8-33D6-433D-9363-B6CF0E52A283}.Release|iPhoneSimulator.Deploy.0 = Release|iPhoneSimulator
		{206EADE8-33D6-433D-9363-B6CF0E52A283}.Release|x64.ActiveCfg = Release|iPhoneSimulator
		{206EADE8-33D6-433D-9363-B6CF0E52A283}.Release|x64.Build.0 = Release|iPhoneSimulator
		{206EADE8-33D6-433D-9363-B6CF0E52A283}.Release|x64.Deploy.0 = Release|iPhoneSimulator
		{206EADE8-33D6-433D-9363-B6CF0E52A283}.Release|x86.ActiveCfg = Release|iPhoneSimulator
		{206EADE8-33D6-433D-9363-B6CF0E52A283}.Release|x86.Build.0 = Release|iPhoneSimulator
		{206EADE8-33D6-433D-9363-B6CF0E52A283}.Release|x86.Deploy.0 = Release|iPhoneSimulator
		{EC1079C7-EEB5-4E8E-8075-087FEF2DB37F}.Debug|Any CPU.ActiveCfg = Debug|Any CPU
		{EC1079C7-EEB5-4E8E-8075-087FEF2DB37F}.Debug|Any CPU.Build.0 = Debug|Any CPU
		{EC1079C7-EEB5-4E8E-8075-087FEF2DB37F}.Debug|Any CPU.Deploy.0 = Debug|Any CPU
		{EC1079C7-EEB5-4E8E-8075-087FEF2DB37F}.Debug|ARM.ActiveCfg = Debug|Any CPU
		{EC1079C7-EEB5-4E8E-8075-087FEF2DB37F}.Debug|ARM.Build.0 = Debug|Any CPU
		{EC1079C7-EEB5-4E8E-8075-087FEF2DB37F}.Debug|ARM.Deploy.0 = Debug|Any CPU
		{EC1079C7-EEB5-4E8E-8075-087FEF2DB37F}.Debug|iPhone.ActiveCfg = Debug|Any CPU
		{EC1079C7-EEB5-4E8E-8075-087FEF2DB37F}.Debug|iPhone.Build.0 = Debug|Any CPU
		{EC1079C7-EEB5-4E8E-8075-087FEF2DB37F}.Debug|iPhone.Deploy.0 = Debug|Any CPU
		{EC1079C7-EEB5-4E8E-8075-087FEF2DB37F}.Debug|iPhoneSimulator.ActiveCfg = Debug|Any CPU
		{EC1079C7-EEB5-4E8E-8075-087FEF2DB37F}.Debug|iPhoneSimulator.Build.0 = Debug|Any CPU
		{EC1079C7-EEB5-4E8E-8075-087FEF2DB37F}.Debug|iPhoneSimulator.Deploy.0 = Debug|Any CPU
		{EC1079C7-EEB5-4E8E-8075-087FEF2DB37F}.Debug|x64.ActiveCfg = Debug|Any CPU
		{EC1079C7-EEB5-4E8E-8075-087FEF2DB37F}.Debug|x64.Build.0 = Debug|Any CPU
		{EC1079C7-EEB5-4E8E-8075-087FEF2DB37F}.Debug|x64.Deploy.0 = Debug|Any CPU
		{EC1079C7-EEB5-4E8E-8075-087FEF2DB37F}.Debug|x86.ActiveCfg = Debug|Any CPU
		{EC1079C7-EEB5-4E8E-8075-087FEF2DB37F}.Debug|x86.Build.0 = Debug|Any CPU
		{EC1079C7-EEB5-4E8E-8075-087FEF2DB37F}.Debug|x86.Deploy.0 = Debug|Any CPU
		{EC1079C7-EEB5-4E8E-8075-087FEF2DB37F}.Release|Any CPU.ActiveCfg = Release|Any CPU
		{EC1079C7-EEB5-4E8E-8075-087FEF2DB37F}.Release|Any CPU.Build.0 = Release|Any CPU
		{EC1079C7-EEB5-4E8E-8075-087FEF2DB37F}.Release|Any CPU.Deploy.0 = Release|Any CPU
		{EC1079C7-EEB5-4E8E-8075-087FEF2DB37F}.Release|ARM.ActiveCfg = Release|Any CPU
		{EC1079C7-EEB5-4E8E-8075-087FEF2DB37F}.Release|ARM.Build.0 = Release|Any CPU
		{EC1079C7-EEB5-4E8E-8075-087FEF2DB37F}.Release|ARM.Deploy.0 = Release|Any CPU
		{EC1079C7-EEB5-4E8E-8075-087FEF2DB37F}.Release|iPhone.ActiveCfg = Release|Any CPU
		{EC1079C7-EEB5-4E8E-8075-087FEF2DB37F}.Release|iPhone.Build.0 = Release|Any CPU
		{EC1079C7-EEB5-4E8E-8075-087FEF2DB37F}.Release|iPhone.Deploy.0 = Release|Any CPU
		{EC1079C7-EEB5-4E8E-8075-087FEF2DB37F}.Release|iPhoneSimulator.ActiveCfg = Release|Any CPU
		{EC1079C7-EEB5-4E8E-8075-087FEF2DB37F}.Release|iPhoneSimulator.Build.0 = Release|Any CPU
		{EC1079C7-EEB5-4E8E-8075-087FEF2DB37F}.Release|iPhoneSimulator.Deploy.0 = Release|Any CPU
		{EC1079C7-EEB5-4E8E-8075-087FEF2DB37F}.Release|x64.ActiveCfg = Release|Any CPU
		{EC1079C7-EEB5-4E8E-8075-087FEF2DB37F}.Release|x64.Build.0 = Release|Any CPU
		{EC1079C7-EEB5-4E8E-8075-087FEF2DB37F}.Release|x64.Deploy.0 = Release|Any CPU
		{EC1079C7-EEB5-4E8E-8075-087FEF2DB37F}.Release|x86.ActiveCfg = Release|Any CPU
		{EC1079C7-EEB5-4E8E-8075-087FEF2DB37F}.Release|x86.Build.0 = Release|Any CPU
		{EC1079C7-EEB5-4E8E-8075-087FEF2DB37F}.Release|x86.Deploy.0 = Release|Any CPU
	EndGlobalSection
	GlobalSection(SolutionProperties) = preSolution
		HideSolutionNode = FALSE
	EndGlobalSection
	GlobalSection(ExtensibilityGlobals) = postSolution
		SolutionGuid = {52D61025-93E0-4B47-A1A7-9F39DD5B186F}
	EndGlobalSection
EndGlobal
